
Microsoft Visual Studio Solution File, Format Version 12.00
# Visual Studio Version 17
VisualStudioVersion = 17.6.33723.286
MinimumVisualStudioVersion = 10.0.40219.1
Project("{FAE04EC0-301F-11D3-BF4B-00C04F79EFBC}") = "Entities", "Entities\Entities.csproj", "{01A755B5-2388-420F-B911-C4FCC24285FC}"
EndProject
Project("{FAE04EC0-301F-11D3-BF4B-00C04F79EFBC}") = "DataAccess", "DataAccess\DataAccess.csproj", "{429A429E-A800-4E43-9F21-B2FE0BE36202}"
EndProject
Project("{FAE04EC0-301F-11D3-BF4B-00C04F79EFBC}") = "Business", "Business\Business.csproj", "{3BF7DDA7-A64E-4D43-BB92-DF5BC9E9B532}"
EndProject
Project("{FAE04EC0-301F-11D3-BF4B-00C04F79EFBC}") = "Core", "Core\Core.csproj", "{3C163D93-91BF-4E9D-BF65-0954364FFB2D}"
EndProject
Project("{FAE04EC0-301F-11D3-BF4B-00C04F79EFBC}") = "WebApplication1", "WebApplication1\WebApplication1.csproj", "{33C5AE44-A74D-48B7-99F0-37061D97CCC4}"
EndProject
Global
	GlobalSection(SolutionConfigurationPlatforms) = preSolution
		Debug|Any CPU = Debug|Any CPU
		Release|Any CPU = Release|Any CPU
	EndGlobalSection
	GlobalSection(ProjectConfigurationPlatforms) = postSolution
		{01A755B5-2388-420F-B911-C4FCC24285FC}.Debug|Any CPU.ActiveCfg = Debug|Any CPU
		{01A755B5-2388-420F-B911-C4FCC24285FC}.Debug|Any CPU.Build.0 = Debug|Any CPU
		{01A755B5-2388-420F-B911-C4FCC24285FC}.Release|Any CPU.ActiveCfg = Release|Any CPU
		{01A755B5-2388-420F-B911-C4FCC24285FC}.Release|Any CPU.Build.0 = Release|Any CPU
		{429A429E-A800-4E43-9F21-B2FE0BE36202}.Debug|Any CPU.ActiveCfg = Debug|Any CPU
		{429A429E-A800-4E43-9F21-B2FE0BE36202}.Debug|Any CPU.Build.0 = Debug|Any CPU
		{429A429E-A800-4E43-9F21-B2FE0BE36202}.Release|Any CPU.ActiveCfg = Release|Any CPU
		{429A429E-A800-4E43-9F21-B2FE0BE36202}.Release|Any CPU.Build.0 = Release|Any CPU
		{3BF7DDA7-A64E-4D43-BB92-DF5BC9E9B532}.Debug|Any CPU.ActiveCfg = Debug|Any CPU
		{3BF7DDA7-A64E-4D43-BB92-DF5BC9E9B532}.Debug|Any CPU.Build.0 = Debug|Any CPU
		{3BF7DDA7-A64E-4D43-BB92-DF5BC9E9B532}.Release|Any CPU.ActiveCfg = Release|Any CPU
		{3BF7DDA7-A64E-4D43-BB92-DF5BC9E9B532}.Release|Any CPU.Build.0 = Release|Any CPU
		{3C163D93-91BF-4E9D-BF65-0954364FFB2D}.Debug|Any CPU.ActiveCfg = Debug|Any CPU
		{3C163D93-91BF-4E9D-BF65-0954364FFB2D}.Debug|Any CPU.Build.0 = Debug|Any CPU
		{3C163D93-91BF-4E9D-BF65-0954364FFB2D}.Release|Any CPU.ActiveCfg = Release|Any CPU
		{3C163D93-91BF-4E9D-BF65-0954364FFB2D}.Release|Any CPU.Build.0 = Release|Any CPU
		{33C5AE44-A74D-48B7-99F0-37061D97CCC4}.Debug|Any CPU.ActiveCfg = Debug|Any CPU
		{33C5AE44-A74D-48B7-99F0-37061D97CCC4}.Debug|Any CPU.Build.0 = Debug|Any CPU
		{33C5AE44-A74D-48B7-99F0-37061D97CCC4}.Release|Any CPU.ActiveCfg = Release|Any CPU
		{33C5AE44-A74D-48B7-99F0-37061D97CCC4}.Release|Any CPU.Build.0 = Release|Any CPU
	EndGlobalSection
	GlobalSection(SolutionProperties) = preSolution
		HideSolutionNode = FALSE
	EndGlobalSection
	GlobalSection(ExtensibilityGlobals) = postSolution
		SolutionGuid = {F3B2527A-5DDD-4060-A900-5A24032257A4}
	EndGlobalSection
EndGlobal
